
Microsoft Visual Studio Solution File, Format Version 12.00
# Visual Studio Version 17
VisualStudioVersion = 17.11.35327.3
MinimumVisualStudioVersion = 10.0.40219.1
Project("{9A19103F-16F7-4668-BE54-9A1E7A4F7556}") = "Entities", "Entities\Entities.csproj", "{97BC1171-1F00-4260-97B9-54D8E5A3B4A9}"
EndProject
Project("{9A19103F-16F7-4668-BE54-9A1E7A4F7556}") = "Core", "Core\Core.csproj", "{24745076-2A97-4932-879B-C378FEAE88D5}"
EndProject
Project("{9A19103F-16F7-4668-BE54-9A1E7A4F7556}") = "DataAccess", "DataAccess\DataAccess.csproj", "{3A46FF94-2320-41A0-A259-FAFBC6C2FAC2}"
EndProject
Project("{9A19103F-16F7-4668-BE54-9A1E7A4F7556}") = "WebUI", "WebUI\WebUI.csproj", "{A2771544-C758-45CA-9260-2A46C47922A3}"
EndProject
Project("{9A19103F-16F7-4668-BE54-9A1E7A4F7556}") = "Business", "Business\Business.csproj", "{995EB6C2-8915-4B45-ADBA-B7C6718CB94B}"
EndProject
Project("{9A19103F-16F7-4668-BE54-9A1E7A4F7556}") = "UnitTest", "UnitTest\UnitTest.csproj", "{E77AEFAC-2DAE-4D4B-AF24-997F628074FE}"
EndProject
Project("{FAE04EC0-301F-11D3-BF4B-00C04F79EFBC}") = "NUnitTest", "NUnitTest\NUnitTest.csproj", "{92DC6796-EACD-4A57-84C6-EB2AD7D07750}"
EndProject
Global
	GlobalSection(SolutionConfigurationPlatforms) = preSolution
		Debug|Any CPU = Debug|Any CPU
		Release|Any CPU = Release|Any CPU
	EndGlobalSection
	GlobalSection(ProjectConfigurationPlatforms) = postSolution
		{97BC1171-1F00-4260-97B9-54D8E5A3B4A9}.Debug|Any CPU.ActiveCfg = Debug|Any CPU
		{97BC1171-1F00-4260-97B9-54D8E5A3B4A9}.Debug|Any CPU.Build.0 = Debug|Any CPU
		{97BC1171-1F00-4260-97B9-54D8E5A3B4A9}.Release|Any CPU.ActiveCfg = Release|Any CPU
		{97BC1171-1F00-4260-97B9-54D8E5A3B4A9}.Release|Any CPU.Build.0 = Release|Any CPU
		{24745076-2A97-4932-879B-C378FEAE88D5}.Debug|Any CPU.ActiveCfg = Debug|Any CPU
		{24745076-2A97-4932-879B-C378FEAE88D5}.Debug|Any CPU.Build.0 = Debug|Any CPU
		{24745076-2A97-4932-879B-C378FEAE88D5}.Release|Any CPU.ActiveCfg = Release|Any CPU
		{24745076-2A97-4932-879B-C378FEAE88D5}.Release|Any CPU.Build.0 = Release|Any CPU
		{3A46FF94-2320-41A0-A259-FAFBC6C2FAC2}.Debug|Any CPU.ActiveCfg = Debug|Any CPU
		{3A46FF94-2320-41A0-A259-FAFBC6C2FAC2}.Debug|Any CPU.Build.0 = Debug|Any CPU
		{3A46FF94-2320-41A0-A259-FAFBC6C2FAC2}.Release|Any CPU.ActiveCfg = Release|Any CPU
		{3A46FF94-2320-41A0-A259-FAFBC6C2FAC2}.Release|Any CPU.Build.0 = Release|Any CPU
		{A2771544-C758-45CA-9260-2A46C47922A3}.Debug|Any CPU.ActiveCfg = Debug|Any CPU
		{A2771544-C758-45CA-9260-2A46C47922A3}.Debug|Any CPU.Build.0 = Debug|Any CPU
		{A2771544-C758-45CA-9260-2A46C47922A3}.Release|Any CPU.ActiveCfg = Release|Any CPU
		{A2771544-C758-45CA-9260-2A46C47922A3}.Release|Any CPU.Build.0 = Release|Any CPU
		{995EB6C2-8915-4B45-ADBA-B7C6718CB94B}.Debug|Any CPU.ActiveCfg = Debug|Any CPU
		{995EB6C2-8915-4B45-ADBA-B7C6718CB94B}.Debug|Any CPU.Build.0 = Debug|Any CPU
		{995EB6C2-8915-4B45-ADBA-B7C6718CB94B}.Release|Any CPU.ActiveCfg = Release|Any CPU
		{995EB6C2-8915-4B45-ADBA-B7C6718CB94B}.Release|Any CPU.Build.0 = Release|Any CPU
		{E77AEFAC-2DAE-4D4B-AF24-997F628074FE}.Debug|Any CPU.ActiveCfg = Debug|Any CPU
		{E77AEFAC-2DAE-4D4B-AF24-997F628074FE}.Debug|Any CPU.Build.0 = Debug|Any CPU
		{E77AEFAC-2DAE-4D4B-AF24-997F628074FE}.Release|Any CPU.ActiveCfg = Release|Any CPU
		{E77AEFAC-2DAE-4D4B-AF24-997F628074FE}.Release|Any CPU.Build.0 = Release|Any CPU
		{92DC6796-EACD-4A57-84C6-EB2AD7D07750}.Debug|Any CPU.ActiveCfg = Debug|Any CPU
		{92DC6796-EACD-4A57-84C6-EB2AD7D07750}.Debug|Any CPU.Build.0 = Debug|Any CPU
		{92DC6796-EACD-4A57-84C6-EB2AD7D07750}.Release|Any CPU.ActiveCfg = Release|Any CPU
		{92DC6796-EACD-4A57-84C6-EB2AD7D07750}.Release|Any CPU.Build.0 = Release|Any CPU
	EndGlobalSection
	GlobalSection(SolutionProperties) = preSolution
		HideSolutionNode = FALSE
	EndGlobalSection
	GlobalSection(ExtensibilityGlobals) = postSolution
		SolutionGuid = {87E6766C-7980-4D1D-A5C1-AAE188C2ECDE}
	EndGlobalSection
EndGlobal
